
Microsoft Visual Studio Solution File, Format Version 12.00
# Visual Studio Version 16
VisualStudioVersion = 25.0.1700.6
MinimumVisualStudioVersion = 10.0.40219.1
Project("{FAE04EC0-301F-11D3-BF4B-00C04F79EFBC}") = "TestNinja", "TestNinja.csproj", "{69340474-BC08-4E90-9C8C-AD9EE70F92C3}"
EndProject
Global
	GlobalSection(SolutionConfigurationPlatforms) = preSolution
		Debug|anycpu = Debug|anycpu
		Release|anycpu = Release|anycpu
	EndGlobalSection
	GlobalSection(ProjectConfigurationPlatforms) = postSolution
		{69340474-BC08-4E90-9C8C-AD9EE70F92C3}.Debug|anycpu.ActiveCfg = Debug|anycpu
		{69340474-BC08-4E90-9C8C-AD9EE70F92C3}.Debug|anycpu.Build.0 = Debug|anycpu
		{69340474-BC08-4E90-9C8C-AD9EE70F92C3}.Release|anycpu.ActiveCfg = Release|anycpu
		{69340474-BC08-4E90-9C8C-AD9EE70F92C3}.Release|anycpu.Build.0 = Release|anycpu
	EndGlobalSection
	GlobalSection(SolutionProperties) = preSolution
		HideSolutionNode = FALSE
	EndGlobalSection
	GlobalSection(ExtensibilityGlobals) = postSolution
		SolutionGuid = {E131461F-E7DB-43C1-A019-CB09A99ADCE8}
	EndGlobalSection
EndGlobal
